// !$*UTF8*$!
{
	archiveVersion = 1;
	classes = {
	};
	objectVersion = 55;
	objects = {

/* Begin PBXBuildFile section */
		1C06D2B527E238E500FB65F6 /* Preview.swift in Sources */ = {isa = PBXBuildFile; fileRef = 1C06D2B427E238E500FB65F6 /* Preview.swift */; };
		1C06D2B727E239EA00FB65F6 /* ComponentPreview.swift in Sources */ = {isa = PBXBuildFile; fileRef = 1C06D2B627E239EA00FB65F6 /* ComponentPreview.swift */; };
		1C06D2B927E23EDE00FB65F6 /* ScreenPreview.swift in Sources */ = {isa = PBXBuildFile; fileRef = 1C06D2B827E23EDE00FB65F6 /* ScreenPreview.swift */; };
		1C22C455290485D800CD33B1 /* View+Navigation.swift in Sources */ = {isa = PBXBuildFile; fileRef = 1C22C454290485D800CD33B1 /* View+Navigation.swift */; };
		1C2F95D328D35B5B009D886A /* InjectPropertyWrapper.swift in Sources */ = {isa = PBXBuildFile; fileRef = 1C2F95D228D35B5B009D886A /* InjectPropertyWrapper.swift */; };
		1C31156927F3A6950047E1CB /* GrayCapsuleButtonStyle.swift in Sources */ = {isa = PBXBuildFile; fileRef = 1C31156827F3A6950047E1CB /* GrayCapsuleButtonStyle.swift */; };
		1C31156B27F3AD3F0047E1CB /* Shape+StrokeFill.swift in Sources */ = {isa = PBXBuildFile; fileRef = 1C31156A27F3AD3F0047E1CB /* Shape+StrokeFill.swift */; };
		1C372ACD27B9081F004E0FA8 /* UINavigationView.swift in Sources */ = {isa = PBXBuildFile; fileRef = 1C372ACC27B9081F004E0FA8 /* UINavigationView.swift */; };
		1C42B4A227B7BBBE00D8D885 /* ContentView.swift in Sources */ = {isa = PBXBuildFile; fileRef = 1C42B4A127B7BBBE00D8D885 /* ContentView.swift */; };
		1C42B4A427B7BBC000D8D885 /* Assets.xcassets in Resources */ = {isa = PBXBuildFile; fileRef = 1C42B4A327B7BBC000D8D885 /* Assets.xcassets */; };
		1C42B4A727B7BBC000D8D885 /* Preview Assets.xcassets in Resources */ = {isa = PBXBuildFile; fileRef = 1C42B4A627B7BBC000D8D885 /* Preview Assets.xcassets */; };
		1C42B4B127B7BBC000D8D885 /* YVLearningTests.swift in Sources */ = {isa = PBXBuildFile; fileRef = 1C42B4B027B7BBC000D8D885 /* YVLearningTests.swift */; };
		1C42B4CB27B7BC0400D8D885 /* LearnTask.swift in Sources */ = {isa = PBXBuildFile; fileRef = 1C42B4CA27B7BC0400D8D885 /* LearnTask.swift */; };
		1C42B4CE27B7BD2D00D8D885 /* LearnTaskTest.swift in Sources */ = {isa = PBXBuildFile; fileRef = 1C42B4CD27B7BD2D00D8D885 /* LearnTaskTest.swift */; };
		1C5CFC6227C0E57A00BCB924 /* RootPresentationMode.swift in Sources */ = {isa = PBXBuildFile; fileRef = 1C5CFC6127C0E57A00BCB924 /* RootPresentationMode.swift */; };
		1C5CFC8827C0F87700BCB924 /* AppDelegate.swift in Sources */ = {isa = PBXBuildFile; fileRef = 1C5CFC8627C0F87700BCB924 /* AppDelegate.swift */; };
		1C5CFC8927C0F87700BCB924 /* SceneDelegate.swift in Sources */ = {isa = PBXBuildFile; fileRef = 1C5CFC8727C0F87700BCB924 /* SceneDelegate.swift */; };
		1C5CFC8C27C104C700BCB924 /* YVLearningApp.swift in Sources */ = {isa = PBXBuildFile; fileRef = 1C5CFC8B27C104C700BCB924 /* YVLearningApp.swift */; };
		1C734B4627DA1CDC008FD6F1 /* MenuIgnoringSafeAreaView.swift in Sources */ = {isa = PBXBuildFile; fileRef = 1C734B4527DA1CDC008FD6F1 /* MenuIgnoringSafeAreaView.swift */; };
		1C83CBC827BA7A5E0073B4C4 /* MapView.swift in Sources */ = {isa = PBXBuildFile; fileRef = 1C83CBC727BA7A5E0073B4C4 /* MapView.swift */; };
		1C83CBCB27BA7F4C0073B4C4 /* UINavigationHandler.swift in Sources */ = {isa = PBXBuildFile; fileRef = 1C83CBCA27BA7F4C0073B4C4 /* UINavigationHandler.swift */; };
		1C8458FB28A8154300547D30 /* ApiManager.swift in Sources */ = {isa = PBXBuildFile; fileRef = 1C8458FA28A8154300547D30 /* ApiManager.swift */; };
		1C8858442990072F00CF31B8 /* CustomShape.swift in Sources */ = {isa = PBXBuildFile; fileRef = 1C8858432990072F00CF31B8 /* CustomShape.swift */; };
		1C893592289D26C50063B50C /* YVGaugeView.swift in Sources */ = {isa = PBXBuildFile; fileRef = 1C893591289D26C50063B50C /* YVGaugeView.swift */; };
		1C8F017527F3779000DBD9DF /* View+ConditionalModifier.swift in Sources */ = {isa = PBXBuildFile; fileRef = 1C8F017427F3779000DBD9DF /* View+ConditionalModifier.swift */; };
		1C8F017727F377D000DBD9DF /* RedCircleButtonStyle.swift in Sources */ = {isa = PBXBuildFile; fileRef = 1C8F017627F377D000DBD9DF /* RedCircleButtonStyle.swift */; };
		1C939E9927D6517E00D8B152 /* UINavigationController+Customization.swift in Sources */ = {isa = PBXBuildFile; fileRef = 1C939E9827D6517E00D8B152 /* UINavigationController+Customization.swift */; };
		1C939E9C27D656FB00D8B152 /* ActivityIndicatorView.swift in Sources */ = {isa = PBXBuildFile; fileRef = 1C939E9B27D656FB00D8B152 /* ActivityIndicatorView.swift */; };
		1C9708FF27BE5DE60048F780 /* RootView.swift in Sources */ = {isa = PBXBuildFile; fileRef = 1C9708FE27BE5DE60048F780 /* RootView.swift */; };
		1CA6297927D3A06E00B6B582 /* RedactedView.swift in Sources */ = {isa = PBXBuildFile; fileRef = 1CA6297827D3A06E00B6B582 /* RedactedView.swift */; };
		1CA6297C27D3A49200B6B582 /* String+Placeholder.swift in Sources */ = {isa = PBXBuildFile; fileRef = 1CA6297B27D3A49200B6B582 /* String+Placeholder.swift */; };
		1CA6297E27D3A49F00B6B582 /* View+Redacted.swift in Sources */ = {isa = PBXBuildFile; fileRef = 1CA6297D27D3A49F00B6B582 /* View+Redacted.swift */; };
		1CA6298027D3A54E00B6B582 /* Optional+Nil.swift in Sources */ = {isa = PBXBuildFile; fileRef = 1CA6297F27D3A54E00B6B582 /* Optional+Nil.swift */; };
		1CA6299027D3ABFB00B6B582 /* NetworkMonitor.swift in Sources */ = {isa = PBXBuildFile; fileRef = 1CA6298F27D3ABFB00B6B582 /* NetworkMonitor.swift */; };
		1CA6299227D3CC8C00B6B582 /* OSLog+Categories.swift in Sources */ = {isa = PBXBuildFile; fileRef = 1CA6299127D3CC8C00B6B582 /* OSLog+Categories.swift */; };
		1CA6299427D3D36800B6B582 /* Logger+Categories.swift in Sources */ = {isa = PBXBuildFile; fileRef = 1CA6299327D3D36800B6B582 /* Logger+Categories.swift */; };
		1CA6299F27D3E05600B6B582 /* Optional+String.swift in Sources */ = {isa = PBXBuildFile; fileRef = 1CA6299E27D3E05600B6B582 /* Optional+String.swift */; };
		1CA629A127D3E06500B6B582 /* Optional+Bool.swift in Sources */ = {isa = PBXBuildFile; fileRef = 1CA629A027D3E06500B6B582 /* Optional+Bool.swift */; };
		1CAA71BC2933883300B914CC /* Factory.swift in Sources */ = {isa = PBXBuildFile; fileRef = 1CAA71BB2933883300B914CC /* Factory.swift */; };
		1CB16B4028A02B4A00E3195C /* YVCircularProgressView.swift in Sources */ = {isa = PBXBuildFile; fileRef = 1CB16B3F28A02B4A00E3195C /* YVCircularProgressView.swift */; };
		1CD03A6228B62E8E00E9B3A4 /* Date+Week.swift in Sources */ = {isa = PBXBuildFile; fileRef = 1CD03A6128B62E8E00E9B3A4 /* Date+Week.swift */; };
		1CD9435A27EB2FC900BE4D1D /* Color+Scheme.swift in Sources */ = {isa = PBXBuildFile; fileRef = 1CD9435927EB2FC900BE4D1D /* Color+Scheme.swift */; };
		1CEBF65F2987D2B00069F970 /* ScrollReaderView.swift in Sources */ = {isa = PBXBuildFile; fileRef = 1CEBF65E2987D2B00069F970 /* ScrollReaderView.swift */; };
		1CEBF6612987DFA60069F970 /* GridView.swift in Sources */ = {isa = PBXBuildFile; fileRef = 1CEBF6602987DFA60069F970 /* GridView.swift */; };
		1CEBF6632987E2A10069F970 /* StaticGridView.swift in Sources */ = {isa = PBXBuildFile; fileRef = 1CEBF6622987E2A10069F970 /* StaticGridView.swift */; };
		1CF62B3B28B782E400E29FB0 /* AutoLayoutBuilder.swift in Sources */ = {isa = PBXBuildFile; fileRef = 1CF62B3A28B782E400E29FB0 /* AutoLayoutBuilder.swift */; };
		1CF7437027E3441E001F34A3 /* TextSpacingView.swift in Sources */ = {isa = PBXBuildFile; fileRef = 1CF7436F27E3441E001F34A3 /* TextSpacingView.swift */; };
		1CF7437227E34F38001F34A3 /* IOSSlider.swift in Sources */ = {isa = PBXBuildFile; fileRef = 1CF7437127E34F38001F34A3 /* IOSSlider.swift */; };
		1CF7437427E35155001F34A3 /* LockerSlider.swift in Sources */ = {isa = PBXBuildFile; fileRef = 1CF7437327E35155001F34A3 /* LockerSlider.swift */; };
		1CF764C227D7B7F000A2693D /* ReadAppStorageView.swift in Sources */ = {isa = PBXBuildFile; fileRef = 1CF764C127D7B7F000A2693D /* ReadAppStorageView.swift */; };
		1CF764C427D7B80500A2693D /* WriteAppStorageView.swift in Sources */ = {isa = PBXBuildFile; fileRef = 1CF764C327D7B80500A2693D /* WriteAppStorageView.swift */; };
		1CFAB8F129194F9F00F25681 /* Localizable.strings in Resources */ = {isa = PBXBuildFile; fileRef = 1CFAB8F329194F9F00F25681 /* Localizable.strings */; };
		1CFAB8F629194FC800F25681 /* String+Localization.swift in Sources */ = {isa = PBXBuildFile; fileRef = 1CFAB8F529194FC800F25681 /* String+Localization.swift */; };
		2268B88927C234270079807B /* ListRowSeparatorModifier.swift in Sources */ = {isa = PBXBuildFile; fileRef = 2268B88827C234270079807B /* ListRowSeparatorModifier.swift */; };
		2268B88B27C235720079807B /* NumberListView.swift in Sources */ = {isa = PBXBuildFile; fileRef = 2268B88A27C235720079807B /* NumberListView.swift */; };
		2268B88D27C2C4040079807B /* NumberFormLinkView.swift in Sources */ = {isa = PBXBuildFile; fileRef = 2268B88C27C2C4040079807B /* NumberFormLinkView.swift */; };
		2268B89027C2C4740079807B /* EmptyNavigationLink.swift in Sources */ = {isa = PBXBuildFile; fileRef = 2268B88F27C2C4740079807B /* EmptyNavigationLink.swift */; };
		2268B89227C2C67C0079807B /* LazyView.swift in Sources */ = {isa = PBXBuildFile; fileRef = 2268B89127C2C67C0079807B /* LazyView.swift */; };
		2268B89427C2C7460079807B /* ToolbarView.swift in Sources */ = {isa = PBXBuildFile; fileRef = 2268B89327C2C7460079807B /* ToolbarView.swift */; };
		22FE1CCE27C16B9C009CD00F /* StructuredConcurrency.swift in Sources */ = {isa = PBXBuildFile; fileRef = 22FE1CCD27C16B9C009CD00F /* StructuredConcurrency.swift */; };
		D31F686D2D5A06980018D107 /* CardView.swift in Sources */ = {isa = PBXBuildFile; fileRef = D31F686C2D5A06970018D107 /* CardView.swift */; };
		D320F35B2A270CEB00E72A7C /* SayPhraseIntent.swift in Sources */ = {isa = PBXBuildFile; fileRef = D320F35A2A270CEB00E72A7C /* SayPhraseIntent.swift */; };
		D329F7982AB1BB68008EAA23 /* MVIContainer.swift in Sources */ = {isa = PBXBuildFile; fileRef = D329F78E2AB1BB68008EAA23 /* MVIContainer.swift */; };
		D329F7992AB1BB68008EAA23 /* RouterScreenProtocol.swift in Sources */ = {isa = PBXBuildFile; fileRef = D329F7902AB1BB68008EAA23 /* RouterScreenProtocol.swift */; };
		D329F79A2AB1BB68008EAA23 /* RouterSheetModifier.swift in Sources */ = {isa = PBXBuildFile; fileRef = D329F7922AB1BB68008EAA23 /* RouterSheetModifier.swift */; };
		D329F79B2AB1BB68008EAA23 /* RouterNavigationStackModifier.swift in Sources */ = {isa = PBXBuildFile; fileRef = D329F7932AB1BB68008EAA23 /* RouterNavigationStackModifier.swift */; };
		D329F79C2AB1BB68008EAA23 /* RouterNavigationViewModifier.swift in Sources */ = {isa = PBXBuildFile; fileRef = D329F7942AB1BB68008EAA23 /* RouterNavigationViewModifier.swift */; };
		D329F79D2AB1BB68008EAA23 /* RouterAlertModifier.swift in Sources */ = {isa = PBXBuildFile; fileRef = D329F7952AB1BB68008EAA23 /* RouterAlertModifier.swift */; };
		D329F79E2AB1BB68008EAA23 /* RouterCloseModifier.swift in Sources */ = {isa = PBXBuildFile; fileRef = D329F7962AB1BB68008EAA23 /* RouterCloseModifier.swift */; };
		D329F79F2AB1BB68008EAA23 /* RouterProtocol.swift in Sources */ = {isa = PBXBuildFile; fileRef = D329F7972AB1BB68008EAA23 /* RouterProtocol.swift */; };
		D36986902D40F5FE0085BAD0 /* NavigationStackView.swift in Sources */ = {isa = PBXBuildFile; fileRef = D369868F2D40F5FE0085BAD0 /* NavigationStackView.swift */; };
		D38EDB582D2E4278007341BF /* SwiftDataView.swift in Sources */ = {isa = PBXBuildFile; fileRef = D38EDB572D2E4278007341BF /* SwiftDataView.swift */; };
		D38EDB5A2D2E4378007341BF /* YVSwiftDataSchema.swift in Sources */ = {isa = PBXBuildFile; fileRef = D38EDB592D2E4378007341BF /* YVSwiftDataSchema.swift */; };
		D3D319B22D5C916F000E41C6 /* UseImagePickerView.swift in Sources */ = {isa = PBXBuildFile; fileRef = D3D319B12D5C916F000E41C6 /* UseImagePickerView.swift */; };
		D3D319B42D5C93A5000E41C6 /* PhotosPickerView.swift in Sources */ = {isa = PBXBuildFile; fileRef = D3D319B32D5C93A5000E41C6 /* PhotosPickerView.swift */; };
		D3D319B62D5C93F8000E41C6 /* ImagePickerView.swift in Sources */ = {isa = PBXBuildFile; fileRef = D3D319B52D5C93F8000E41C6 /* ImagePickerView.swift */; };
		D3F5BF782D2D2ABD0017F848 /* Queue.swift in Sources */ = {isa = PBXBuildFile; fileRef = D3F5BF772D2D2ABD0017F848 /* Queue.swift */; };
		D3F5BF7A2D2D2F6C0017F848 /* Stack.swift in Sources */ = {isa = PBXBuildFile; fileRef = D3F5BF792D2D2F6C0017F848 /* Stack.swift */; };
		D3FA6E062D5F4088001D3627 /* FormView.swift in Sources */ = {isa = PBXBuildFile; fileRef = D3FA6E052D5F4088001D3627 /* FormView.swift */; };
		D3FA6E132D5F4CDD001D3627 /* NameListView.swift in Sources */ = {isa = PBXBuildFile; fileRef = D3FA6E122D5F4CDD001D3627 /* NameListView.swift */; };
		D3FA6E152D5F6291001D3627 /* Binding.swift in Sources */ = {isa = PBXBuildFile; fileRef = D3FA6E142D5F628C001D3627 /* Binding.swift */; };
		D3FA6E172D5F6562001D3627 /* UICardView.swift in Sources */ = {isa = PBXBuildFile; fileRef = D3FA6E162D5F6562001D3627 /* UICardView.swift */; };
/* End PBXBuildFile section */

/* Begin PBXContainerItemProxy section */
		1C42B4AD27B7BBC000D8D885 /* PBXContainerItemProxy */ = {
			isa = PBXContainerItemProxy;
			containerPortal = 1C42B49427B7BBBE00D8D885 /* Project object */;
			proxyType = 1;
			remoteGlobalIDString = 1C42B49B27B7BBBE00D8D885;
			remoteInfo = YVLearning;
		};
/* End PBXContainerItemProxy section */

/* Begin PBXFileReference section */
		1C06D2B427E238E500FB65F6 /* Preview.swift */ = {isa = PBXFileReference; lastKnownFileType = sourcecode.swift; path = Preview.swift; sourceTree = "<group>"; };
		1C06D2B627E239EA00FB65F6 /* ComponentPreview.swift */ = {isa = PBXFileReference; lastKnownFileType = sourcecode.swift; path = ComponentPreview.swift; sourceTree = "<group>"; };
		1C06D2B827E23EDE00FB65F6 /* ScreenPreview.swift */ = {isa = PBXFileReference; lastKnownFileType = sourcecode.swift; path = ScreenPreview.swift; sourceTree = "<group>"; };
		1C22C454290485D800CD33B1 /* View+Navigation.swift */ = {isa = PBXFileReference; lastKnownFileType = sourcecode.swift; path = "View+Navigation.swift"; sourceTree = "<group>"; };
		1C29CD7F28CF4E7A0059DADB /* Interview.playground */ = {isa = PBXFileReference; lastKnownFileType = file.playground; path = Interview.playground; sourceTree = "<group>"; xcLanguageSpecificationIdentifier = xcode.lang.swift; };
		1C2F95D228D35B5B009D886A /* InjectPropertyWrapper.swift */ = {isa = PBXFileReference; lastKnownFileType = sourcecode.swift; path = InjectPropertyWrapper.swift; sourceTree = "<group>"; };
		1C31156827F3A6950047E1CB /* GrayCapsuleButtonStyle.swift */ = {isa = PBXFileReference; lastKnownFileType = sourcecode.swift; path = GrayCapsuleButtonStyle.swift; sourceTree = "<group>"; };
		1C31156A27F3AD3F0047E1CB /* Shape+StrokeFill.swift */ = {isa = PBXFileReference; lastKnownFileType = sourcecode.swift; path = "Shape+StrokeFill.swift"; sourceTree = "<group>"; };
		1C372ACC27B9081F004E0FA8 /* UINavigationView.swift */ = {isa = PBXFileReference; lastKnownFileType = sourcecode.swift; path = UINavigationView.swift; sourceTree = "<group>"; };
		1C42B49C27B7BBBE00D8D885 /* YVLearning.app */ = {isa = PBXFileReference; explicitFileType = wrapper.application; includeInIndex = 0; path = YVLearning.app; sourceTree = BUILT_PRODUCTS_DIR; };
		1C42B4A127B7BBBE00D8D885 /* ContentView.swift */ = {isa = PBXFileReference; lastKnownFileType = sourcecode.swift; path = ContentView.swift; sourceTree = "<group>"; };
		1C42B4A327B7BBC000D8D885 /* Assets.xcassets */ = {isa = PBXFileReference; lastKnownFileType = folder.assetcatalog; path = Assets.xcassets; sourceTree = "<group>"; };
		1C42B4A627B7BBC000D8D885 /* Preview Assets.xcassets */ = {isa = PBXFileReference; lastKnownFileType = folder.assetcatalog; path = "Preview Assets.xcassets"; sourceTree = "<group>"; };
		1C42B4AC27B7BBC000D8D885 /* YVLearningTests.xctest */ = {isa = PBXFileReference; explicitFileType = wrapper.cfbundle; includeInIndex = 0; path = YVLearningTests.xctest; sourceTree = BUILT_PRODUCTS_DIR; };
		1C42B4B027B7BBC000D8D885 /* YVLearningTests.swift */ = {isa = PBXFileReference; lastKnownFileType = sourcecode.swift; path = YVLearningTests.swift; sourceTree = "<group>"; };
		1C42B4CA27B7BC0400D8D885 /* LearnTask.swift */ = {isa = PBXFileReference; lastKnownFileType = sourcecode.swift; path = LearnTask.swift; sourceTree = "<group>"; };
		1C42B4CD27B7BD2D00D8D885 /* LearnTaskTest.swift */ = {isa = PBXFileReference; lastKnownFileType = sourcecode.swift; path = LearnTaskTest.swift; sourceTree = "<group>"; };
		1C5CFC6127C0E57A00BCB924 /* RootPresentationMode.swift */ = {isa = PBXFileReference; lastKnownFileType = sourcecode.swift; path = RootPresentationMode.swift; sourceTree = "<group>"; };
		1C5CFC8627C0F87700BCB924 /* AppDelegate.swift */ = {isa = PBXFileReference; fileEncoding = 4; lastKnownFileType = sourcecode.swift; path = AppDelegate.swift; sourceTree = "<group>"; };
		1C5CFC8727C0F87700BCB924 /* SceneDelegate.swift */ = {isa = PBXFileReference; fileEncoding = 4; lastKnownFileType = sourcecode.swift; path = SceneDelegate.swift; sourceTree = "<group>"; };
		1C5CFC8A27C0FA2600BCB924 /* Info.plist */ = {isa = PBXFileReference; lastKnownFileType = text.plist.xml; path = Info.plist; sourceTree = "<group>"; };
		1C5CFC8B27C104C700BCB924 /* YVLearningApp.swift */ = {isa = PBXFileReference; fileEncoding = 4; lastKnownFileType = sourcecode.swift; path = YVLearningApp.swift; sourceTree = "<group>"; };
		1C734B4527DA1CDC008FD6F1 /* MenuIgnoringSafeAreaView.swift */ = {isa = PBXFileReference; lastKnownFileType = sourcecode.swift; path = MenuIgnoringSafeAreaView.swift; sourceTree = "<group>"; };
		1C83CBC727BA7A5E0073B4C4 /* MapView.swift */ = {isa = PBXFileReference; lastKnownFileType = sourcecode.swift; path = MapView.swift; sourceTree = "<group>"; };
		1C83CBCA27BA7F4C0073B4C4 /* UINavigationHandler.swift */ = {isa = PBXFileReference; lastKnownFileType = sourcecode.swift; path = UINavigationHandler.swift; sourceTree = "<group>"; };
		1C8458FA28A8154300547D30 /* ApiManager.swift */ = {isa = PBXFileReference; lastKnownFileType = sourcecode.swift; path = ApiManager.swift; sourceTree = "<group>"; };
		1C8858432990072F00CF31B8 /* CustomShape.swift */ = {isa = PBXFileReference; lastKnownFileType = sourcecode.swift; path = CustomShape.swift; sourceTree = "<group>"; };
		1C893591289D26C50063B50C /* YVGaugeView.swift */ = {isa = PBXFileReference; lastKnownFileType = sourcecode.swift; path = YVGaugeView.swift; sourceTree = "<group>"; };
		1C8F017427F3779000DBD9DF /* View+ConditionalModifier.swift */ = {isa = PBXFileReference; lastKnownFileType = sourcecode.swift; path = "View+ConditionalModifier.swift"; sourceTree = "<group>"; };
		1C8F017627F377D000DBD9DF /* RedCircleButtonStyle.swift */ = {isa = PBXFileReference; lastKnownFileType = sourcecode.swift; path = RedCircleButtonStyle.swift; sourceTree = "<group>"; };
		1C939E9827D6517E00D8B152 /* UINavigationController+Customization.swift */ = {isa = PBXFileReference; lastKnownFileType = sourcecode.swift; path = "UINavigationController+Customization.swift"; sourceTree = "<group>"; };
		1C939E9B27D656FB00D8B152 /* ActivityIndicatorView.swift */ = {isa = PBXFileReference; lastKnownFileType = sourcecode.swift; path = ActivityIndicatorView.swift; sourceTree = "<group>"; };
		1C9708FE27BE5DE60048F780 /* RootView.swift */ = {isa = PBXFileReference; lastKnownFileType = sourcecode.swift; path = RootView.swift; sourceTree = "<group>"; };
		1CA6297827D3A06E00B6B582 /* RedactedView.swift */ = {isa = PBXFileReference; lastKnownFileType = sourcecode.swift; path = RedactedView.swift; sourceTree = "<group>"; };
		1CA6297B27D3A49200B6B582 /* String+Placeholder.swift */ = {isa = PBXFileReference; lastKnownFileType = sourcecode.swift; path = "String+Placeholder.swift"; sourceTree = "<group>"; };
		1CA6297D27D3A49F00B6B582 /* View+Redacted.swift */ = {isa = PBXFileReference; lastKnownFileType = sourcecode.swift; path = "View+Redacted.swift"; sourceTree = "<group>"; };
		1CA6297F27D3A54E00B6B582 /* Optional+Nil.swift */ = {isa = PBXFileReference; lastKnownFileType = sourcecode.swift; path = "Optional+Nil.swift"; sourceTree = "<group>"; };
		1CA6298F27D3ABFB00B6B582 /* NetworkMonitor.swift */ = {isa = PBXFileReference; lastKnownFileType = sourcecode.swift; path = NetworkMonitor.swift; sourceTree = "<group>"; };
		1CA6299127D3CC8C00B6B582 /* OSLog+Categories.swift */ = {isa = PBXFileReference; lastKnownFileType = sourcecode.swift; path = "OSLog+Categories.swift"; sourceTree = "<group>"; };
		1CA6299327D3D36800B6B582 /* Logger+Categories.swift */ = {isa = PBXFileReference; lastKnownFileType = sourcecode.swift; path = "Logger+Categories.swift"; sourceTree = "<group>"; };
		1CA6299E27D3E05600B6B582 /* Optional+String.swift */ = {isa = PBXFileReference; lastKnownFileType = sourcecode.swift; path = "Optional+String.swift"; sourceTree = "<group>"; };
		1CA629A027D3E06500B6B582 /* Optional+Bool.swift */ = {isa = PBXFileReference; lastKnownFileType = sourcecode.swift; path = "Optional+Bool.swift"; sourceTree = "<group>"; };
		1CA629A227D3E58B00B6B582 /* Combine.playground */ = {isa = PBXFileReference; lastKnownFileType = file.playground; path = Combine.playground; sourceTree = "<group>"; xcLanguageSpecificationIdentifier = xcode.lang.swift; };
		1CAA71BB2933883300B914CC /* Factory.swift */ = {isa = PBXFileReference; fileEncoding = 4; lastKnownFileType = sourcecode.swift; path = Factory.swift; sourceTree = "<group>"; };
		1CB16B3F28A02B4A00E3195C /* YVCircularProgressView.swift */ = {isa = PBXFileReference; lastKnownFileType = sourcecode.swift; path = YVCircularProgressView.swift; sourceTree = "<group>"; };
		1CD03A6128B62E8E00E9B3A4 /* Date+Week.swift */ = {isa = PBXFileReference; lastKnownFileType = sourcecode.swift; path = "Date+Week.swift"; sourceTree = "<group>"; };
		1CD9435927EB2FC900BE4D1D /* Color+Scheme.swift */ = {isa = PBXFileReference; lastKnownFileType = sourcecode.swift; path = "Color+Scheme.swift"; sourceTree = "<group>"; };
		1CEBF65E2987D2B00069F970 /* ScrollReaderView.swift */ = {isa = PBXFileReference; lastKnownFileType = sourcecode.swift; path = ScrollReaderView.swift; sourceTree = "<group>"; };
		1CEBF6602987DFA60069F970 /* GridView.swift */ = {isa = PBXFileReference; lastKnownFileType = sourcecode.swift; path = GridView.swift; sourceTree = "<group>"; };
		1CEBF6622987E2A10069F970 /* StaticGridView.swift */ = {isa = PBXFileReference; lastKnownFileType = sourcecode.swift; path = StaticGridView.swift; sourceTree = "<group>"; };
		1CF62B3A28B782E400E29FB0 /* AutoLayoutBuilder.swift */ = {isa = PBXFileReference; lastKnownFileType = sourcecode.swift; path = AutoLayoutBuilder.swift; sourceTree = "<group>"; };
		1CF7436F27E3441E001F34A3 /* TextSpacingView.swift */ = {isa = PBXFileReference; lastKnownFileType = sourcecode.swift; path = TextSpacingView.swift; sourceTree = "<group>"; };
		1CF7437127E34F38001F34A3 /* IOSSlider.swift */ = {isa = PBXFileReference; lastKnownFileType = sourcecode.swift; path = IOSSlider.swift; sourceTree = "<group>"; };
		1CF7437327E35155001F34A3 /* LockerSlider.swift */ = {isa = PBXFileReference; lastKnownFileType = sourcecode.swift; path = LockerSlider.swift; sourceTree = "<group>"; };
		1CF764C127D7B7F000A2693D /* ReadAppStorageView.swift */ = {isa = PBXFileReference; lastKnownFileType = sourcecode.swift; path = ReadAppStorageView.swift; sourceTree = "<group>"; };
		1CF764C327D7B80500A2693D /* WriteAppStorageView.swift */ = {isa = PBXFileReference; lastKnownFileType = sourcecode.swift; path = WriteAppStorageView.swift; sourceTree = "<group>"; };
		1CFAB8F229194F9F00F25681 /* en */ = {isa = PBXFileReference; lastKnownFileType = text.plist.strings; name = en; path = en.lproj/Localizable.strings; sourceTree = "<group>"; };
		1CFAB8F429194FA300F25681 /* hi */ = {isa = PBXFileReference; lastKnownFileType = text.plist.strings; name = hi; path = hi.lproj/Localizable.strings; sourceTree = "<group>"; };
		1CFAB8F529194FC800F25681 /* String+Localization.swift */ = {isa = PBXFileReference; lastKnownFileType = sourcecode.swift; path = "String+Localization.swift"; sourceTree = "<group>"; };
		2268B88827C234270079807B /* ListRowSeparatorModifier.swift */ = {isa = PBXFileReference; lastKnownFileType = sourcecode.swift; path = ListRowSeparatorModifier.swift; sourceTree = "<group>"; };
		2268B88A27C235720079807B /* NumberListView.swift */ = {isa = PBXFileReference; lastKnownFileType = sourcecode.swift; path = NumberListView.swift; sourceTree = "<group>"; };
		2268B88C27C2C4040079807B /* NumberFormLinkView.swift */ = {isa = PBXFileReference; lastKnownFileType = sourcecode.swift; path = NumberFormLinkView.swift; sourceTree = "<group>"; };
		2268B88F27C2C4740079807B /* EmptyNavigationLink.swift */ = {isa = PBXFileReference; lastKnownFileType = sourcecode.swift; path = EmptyNavigationLink.swift; sourceTree = "<group>"; };
		2268B89127C2C67C0079807B /* LazyView.swift */ = {isa = PBXFileReference; lastKnownFileType = sourcecode.swift; path = LazyView.swift; sourceTree = "<group>"; };
		2268B89327C2C7460079807B /* ToolbarView.swift */ = {isa = PBXFileReference; lastKnownFileType = sourcecode.swift; path = ToolbarView.swift; sourceTree = "<group>"; };
		22FE1CCD27C16B9C009CD00F /* StructuredConcurrency.swift */ = {isa = PBXFileReference; fileEncoding = 4; lastKnownFileType = sourcecode.swift; path = StructuredConcurrency.swift; sourceTree = "<group>"; };
		22FE1CD027C16BE3009CD00F /* StructuredConcurrency.playground */ = {isa = PBXFileReference; lastKnownFileType = file.playground; path = StructuredConcurrency.playground; sourceTree = "<group>"; xcLanguageSpecificationIdentifier = xcode.lang.swift; };
		D31F686C2D5A06970018D107 /* CardView.swift */ = {isa = PBXFileReference; lastKnownFileType = sourcecode.swift; path = CardView.swift; sourceTree = "<group>"; };
		D320F35A2A270CEB00E72A7C /* SayPhraseIntent.swift */ = {isa = PBXFileReference; lastKnownFileType = sourcecode.swift; path = SayPhraseIntent.swift; sourceTree = "<group>"; };
		D329F78E2AB1BB68008EAA23 /* MVIContainer.swift */ = {isa = PBXFileReference; fileEncoding = 4; lastKnownFileType = sourcecode.swift; path = MVIContainer.swift; sourceTree = "<group>"; };
		D329F7902AB1BB68008EAA23 /* RouterScreenProtocol.swift */ = {isa = PBXFileReference; fileEncoding = 4; lastKnownFileType = sourcecode.swift; path = RouterScreenProtocol.swift; sourceTree = "<group>"; };
		D329F7922AB1BB68008EAA23 /* RouterSheetModifier.swift */ = {isa = PBXFileReference; fileEncoding = 4; lastKnownFileType = sourcecode.swift; path = RouterSheetModifier.swift; sourceTree = "<group>"; };
		D329F7932AB1BB68008EAA23 /* RouterNavigationStackModifier.swift */ = {isa = PBXFileReference; fileEncoding = 4; lastKnownFileType = sourcecode.swift; path = RouterNavigationStackModifier.swift; sourceTree = "<group>"; };
		D329F7942AB1BB68008EAA23 /* RouterNavigationViewModifier.swift */ = {isa = PBXFileReference; fileEncoding = 4; lastKnownFileType = sourcecode.swift; path = RouterNavigationViewModifier.swift; sourceTree = "<group>"; };
		D329F7952AB1BB68008EAA23 /* RouterAlertModifier.swift */ = {isa = PBXFileReference; fileEncoding = 4; lastKnownFileType = sourcecode.swift; path = RouterAlertModifier.swift; sourceTree = "<group>"; };
		D329F7962AB1BB68008EAA23 /* RouterCloseModifier.swift */ = {isa = PBXFileReference; fileEncoding = 4; lastKnownFileType = sourcecode.swift; path = RouterCloseModifier.swift; sourceTree = "<group>"; };
		D329F7972AB1BB68008EAA23 /* RouterProtocol.swift */ = {isa = PBXFileReference; fileEncoding = 4; lastKnownFileType = sourcecode.swift; path = RouterProtocol.swift; sourceTree = "<group>"; };
		D335CC452D38BCF800283C8F /* TextToSpeech.playground */ = {isa = PBXFileReference; lastKnownFileType = file.playground; path = TextToSpeech.playground; sourceTree = "<group>"; xcLanguageSpecificationIdentifier = xcode.lang.swift; };
		D36493922AB2DD830072F055 /* YVLearning.entitlements */ = {isa = PBXFileReference; lastKnownFileType = text.plist.entitlements; path = YVLearning.entitlements; sourceTree = "<group>"; };
		D369868F2D40F5FE0085BAD0 /* NavigationStackView.swift */ = {isa = PBXFileReference; lastKnownFileType = sourcecode.swift; path = NavigationStackView.swift; sourceTree = "<group>"; };
		D38EDB572D2E4278007341BF /* SwiftDataView.swift */ = {isa = PBXFileReference; lastKnownFileType = sourcecode.swift; path = SwiftDataView.swift; sourceTree = "<group>"; };
		D38EDB592D2E4378007341BF /* YVSwiftDataSchema.swift */ = {isa = PBXFileReference; lastKnownFileType = sourcecode.swift; path = YVSwiftDataSchema.swift; sourceTree = "<group>"; };
		D391515A2D427B52004CD4DC /* YVLearning.xctestplan */ = {isa = PBXFileReference; lastKnownFileType = text; path = YVLearning.xctestplan; sourceTree = "<group>"; };
		D3C029A62ABB002400C5B80B /* DesignPattern.playground */ = {isa = PBXFileReference; lastKnownFileType = file.playground; path = DesignPattern.playground; sourceTree = "<group>"; xcLanguageSpecificationIdentifier = xcode.lang.swift; };
		D3D319B12D5C916F000E41C6 /* UseImagePickerView.swift */ = {isa = PBXFileReference; lastKnownFileType = sourcecode.swift; path = UseImagePickerView.swift; sourceTree = "<group>"; };
		D3D319B32D5C93A5000E41C6 /* PhotosPickerView.swift */ = {isa = PBXFileReference; lastKnownFileType = sourcecode.swift; path = PhotosPickerView.swift; sourceTree = "<group>"; };
		D3D319B52D5C93F8000E41C6 /* ImagePickerView.swift */ = {isa = PBXFileReference; lastKnownFileType = sourcecode.swift; path = ImagePickerView.swift; sourceTree = "<group>"; };
		D3F5BF772D2D2ABD0017F848 /* Queue.swift */ = {isa = PBXFileReference; lastKnownFileType = sourcecode.swift; path = Queue.swift; sourceTree = "<group>"; };
		D3F5BF792D2D2F6C0017F848 /* Stack.swift */ = {isa = PBXFileReference; lastKnownFileType = sourcecode.swift; path = Stack.swift; sourceTree = "<group>"; };
		D3F5BF7B2D2D2FB20017F848 /* SOLID.playground */ = {isa = PBXFileReference; lastKnownFileType = file.playground; path = SOLID.playground; sourceTree = "<group>"; };
		D3FA6E052D5F4088001D3627 /* FormView.swift */ = {isa = PBXFileReference; lastKnownFileType = sourcecode.swift; path = FormView.swift; sourceTree = "<group>"; };
		D3FA6E122D5F4CDD001D3627 /* NameListView.swift */ = {isa = PBXFileReference; lastKnownFileType = sourcecode.swift; path = NameListView.swift; sourceTree = "<group>"; };
		D3FA6E142D5F628C001D3627 /* Binding.swift */ = {isa = PBXFileReference; lastKnownFileType = sourcecode.swift; path = Binding.swift; sourceTree = "<group>"; };
		D3FA6E162D5F6562001D3627 /* UICardView.swift */ = {isa = PBXFileReference; lastKnownFileType = sourcecode.swift; path = UICardView.swift; sourceTree = "<group>"; };
/* End PBXFileReference section */

/* Begin PBXFrameworksBuildPhase section */
		1C42B49927B7BBBE00D8D885 /* Frameworks */ = {
			isa = PBXFrameworksBuildPhase;
			buildActionMask = 2147483647;
			files = (
			);
			runOnlyForDeploymentPostprocessing = 0;
		};
		1C42B4A927B7BBC000D8D885 /* Frameworks */ = {
			isa = PBXFrameworksBuildPhase;
			buildActionMask = 2147483647;
			files = (
			);
			runOnlyForDeploymentPostprocessing = 0;
		};
/* End PBXFrameworksBuildPhase section */

/* Begin PBXGroup section */
		1C42B49327B7BBBE00D8D885 = {
			isa = PBXGroup;
			children = (
				D391515A2D427B52004CD4DC /* YVLearning.xctestplan */,
				1C42B49E27B7BBBE00D8D885 /* YVLearning */,
				1C42B4AF27B7BBC000D8D885 /* YVLearningTests */,
				1C42B49D27B7BBBE00D8D885 /* Products */,
			);
			sourceTree = "<group>";
		};
		1C42B49D27B7BBBE00D8D885 /* Products */ = {
			isa = PBXGroup;
			children = (
				1C42B49C27B7BBBE00D8D885 /* YVLearning.app */,
				1C42B4AC27B7BBC000D8D885 /* YVLearningTests.xctest */,
			);
			name = Products;
			sourceTree = "<group>";
		};
		1C42B49E27B7BBBE00D8D885 /* YVLearning */ = {
			isa = PBXGroup;
			children = (
				D36493922AB2DD830072F055 /* YVLearning.entitlements */,
				D320F3592A270CC700E72A7C /* AppIntents */,
				1CFAB8EE29194C1D00F25681 /* Localization */,
				1C5CFC6527C0EEBD00BCB924 /* App */,
				1CA6298127D3AAF500B6B582 /* Assets */,
				2268B88E27C2C45E0079807B /* Common */,
				1CA6297A27D3A47100B6B582 /* Extensions */,
				1C5CFC8A27C0FA2600BCB924 /* Info.plist */,
				22FE1CCF27C16BE3009CD00F /* Playgrounds */,
				1C42B4A527B7BBC000D8D885 /* Preview Content */,
				1C83CBC927BA7F1D0073B4C4 /* Protocols */,
				1C42B4C927B7BBDD00D8D885 /* Structs */,
				2268B88727C233FF0079807B /* ViewModifiers */,
				1C83CBC627BA7A4B0073B4C4 /* Views */,
			);
			path = YVLearning;
			sourceTree = "<group>";
		};
		1C42B4A527B7BBC000D8D885 /* Preview Content */ = {
			isa = PBXGroup;
			children = (
				1C42B4A627B7BBC000D8D885 /* Preview Assets.xcassets */,
			);
			path = "Preview Content";
			sourceTree = "<group>";
		};
		1C42B4AF27B7BBC000D8D885 /* YVLearningTests */ = {
			isa = PBXGroup;
			children = (
				1C42B4CC27B7BD1A00D8D885 /* Structs */,
				1C42B4B027B7BBC000D8D885 /* YVLearningTests.swift */,
			);
			path = YVLearningTests;
			sourceTree = "<group>";
		};
		1C42B4C927B7BBDD00D8D885 /* Structs */ = {
			isa = PBXGroup;
			children = (
				22FE1CCD27C16B9C009CD00F /* StructuredConcurrency.swift */,
				1C42B4CA27B7BC0400D8D885 /* LearnTask.swift */,
				1C5CFC6127C0E57A00BCB924 /* RootPresentationMode.swift */,
			);
			path = Structs;
			sourceTree = "<group>";
		};
		1C42B4CC27B7BD1A00D8D885 /* Structs */ = {
			isa = PBXGroup;
			children = (
				1C42B4CD27B7BD2D00D8D885 /* LearnTaskTest.swift */,
			);
			path = Structs;
			sourceTree = "<group>";
		};
		1C5CFC6527C0EEBD00BCB924 /* App */ = {
			isa = PBXGroup;
			children = (
				D38EDB592D2E4378007341BF /* YVSwiftDataSchema.swift */,
				1C5CFC8B27C104C700BCB924 /* YVLearningApp.swift */,
				1C5CFC8627C0F87700BCB924 /* AppDelegate.swift */,
				1C5CFC8727C0F87700BCB924 /* SceneDelegate.swift */,
			);
			path = App;
			sourceTree = "<group>";
		};
		1C83CBC627BA7A4B0073B4C4 /* Views */ = {
			isa = PBXGroup;
			children = (
				D3FA6E162D5F6562001D3627 /* UICardView.swift */,
				D3FA6E122D5F4CDD001D3627 /* NameListView.swift */,
				D3FA6E052D5F4088001D3627 /* FormView.swift */,
				D3D319B32D5C93A5000E41C6 /* PhotosPickerView.swift */,
				D3D319B12D5C916F000E41C6 /* UseImagePickerView.swift */,
				D31F686C2D5A06970018D107 /* CardView.swift */,
				D369868F2D40F5FE0085BAD0 /* NavigationStackView.swift */,
				D38EDB572D2E4278007341BF /* SwiftDataView.swift */,
				1C42B4A127B7BBBE00D8D885 /* ContentView.swift */,
				1C83CBC727BA7A5E0073B4C4 /* MapView.swift */,
				1C9708FE27BE5DE60048F780 /* RootView.swift */,
				2268B88A27C235720079807B /* NumberListView.swift */,
				2268B88C27C2C4040079807B /* NumberFormLinkView.swift */,
				1CA6297827D3A06E00B6B582 /* RedactedView.swift */,
				1CF764C127D7B7F000A2693D /* ReadAppStorageView.swift */,
				1CF764C327D7B80500A2693D /* WriteAppStorageView.swift */,
				1C734B4527DA1CDC008FD6F1 /* MenuIgnoringSafeAreaView.swift */,
				1CF7436F27E3441E001F34A3 /* TextSpacingView.swift */,
				1CEBF65E2987D2B00069F970 /* ScrollReaderView.swift */,
				1CEBF6602987DFA60069F970 /* GridView.swift */,
				1CEBF6622987E2A10069F970 /* StaticGridView.swift */,
				1C8858432990072F00CF31B8 /* CustomShape.swift */,
			);
			path = Views;
			sourceTree = "<group>";
		};
		1C83CBC927BA7F1D0073B4C4 /* Protocols */ = {
			isa = PBXGroup;
			children = (
				1C83CBCA27BA7F4C0073B4C4 /* UINavigationHandler.swift */,
			);
			path = Protocols;
			sourceTree = "<group>";
		};
		1CA6297A27D3A47100B6B582 /* Extensions */ = {
			isa = PBXGroup;
			children = (
				D3FA6E142D5F628C001D3627 /* Binding.swift */,
				1CA6299D27D3E03B00B6B582 /* Optional */,
				1CA6297B27D3A49200B6B582 /* String+Placeholder.swift */,
				1CA6297D27D3A49F00B6B582 /* View+Redacted.swift */,
				1CA6299127D3CC8C00B6B582 /* OSLog+Categories.swift */,
				1CA6299327D3D36800B6B582 /* Logger+Categories.swift */,
				1C939E9827D6517E00D8B152 /* UINavigationController+Customization.swift */,
				1C06D2B427E238E500FB65F6 /* Preview.swift */,
				1CD9435927EB2FC900BE4D1D /* Color+Scheme.swift */,
				1C8F017427F3779000DBD9DF /* View+ConditionalModifier.swift */,
				1CD03A6128B62E8E00E9B3A4 /* Date+Week.swift */,
				1C22C454290485D800CD33B1 /* View+Navigation.swift */,
			);
			path = Extensions;
			sourceTree = "<group>";
		};
		1CA6298127D3AAF500B6B582 /* Assets */ = {
			isa = PBXGroup;
			children = (
				1C42B4A327B7BBC000D8D885 /* Assets.xcassets */,
			);
			path = Assets;
			sourceTree = "<group>";
		};
		1CA6299D27D3E03B00B6B582 /* Optional */ = {
			isa = PBXGroup;
			children = (
				1CA6297F27D3A54E00B6B582 /* Optional+Nil.swift */,
				1CA6299E27D3E05600B6B582 /* Optional+String.swift */,
				1CA629A027D3E06500B6B582 /* Optional+Bool.swift */,
			);
			path = Optional;
			sourceTree = "<group>";
		};
		1CF7437527E353E9001F34A3 /* Preview */ = {
			isa = PBXGroup;
			children = (
				1C06D2B627E239EA00FB65F6 /* ComponentPreview.swift */,
				1C06D2B827E23EDE00FB65F6 /* ScreenPreview.swift */,
			);
			path = Preview;
			sourceTree = "<group>";
		};
		1CFAB8EE29194C1D00F25681 /* Localization */ = {
			isa = PBXGroup;
			children = (
				1CFAB8F329194F9F00F25681 /* Localizable.strings */,
				1CFAB8F529194FC800F25681 /* String+Localization.swift */,
			);
			path = Localization;
			sourceTree = "<group>";
		};
		2268B88727C233FF0079807B /* ViewModifiers */ = {
			isa = PBXGroup;
			children = (
				2268B88827C234270079807B /* ListRowSeparatorModifier.swift */,
			);
			path = ViewModifiers;
			sourceTree = "<group>";
		};
		2268B88E27C2C45E0079807B /* Common */ = {
			isa = PBXGroup;
			children = (
				D3D319B52D5C93F8000E41C6 /* ImagePickerView.swift */,
				D3F5BF792D2D2F6C0017F848 /* Stack.swift */,
				D3F5BF772D2D2ABD0017F848 /* Queue.swift */,
				D329F78D2AB1BB68008EAA23 /* Utilites */,
				1CAA71BB2933883300B914CC /* Factory.swift */,
				1CF7437527E353E9001F34A3 /* Preview */,
				1C372ACC27B9081F004E0FA8 /* UINavigationView.swift */,
				2268B88F27C2C4740079807B /* EmptyNavigationLink.swift */,
				2268B89127C2C67C0079807B /* LazyView.swift */,
				2268B89327C2C7460079807B /* ToolbarView.swift */,
				1CA6298F27D3ABFB00B6B582 /* NetworkMonitor.swift */,
				1C939E9B27D656FB00D8B152 /* ActivityIndicatorView.swift */,
				1CF7437127E34F38001F34A3 /* IOSSlider.swift */,
				1CF7437327E35155001F34A3 /* LockerSlider.swift */,
				1C8F017627F377D000DBD9DF /* RedCircleButtonStyle.swift */,
				1C31156827F3A6950047E1CB /* GrayCapsuleButtonStyle.swift */,
				1C31156A27F3AD3F0047E1CB /* Shape+StrokeFill.swift */,
				1C893591289D26C50063B50C /* YVGaugeView.swift */,
				1CB16B3F28A02B4A00E3195C /* YVCircularProgressView.swift */,
				1C8458FA28A8154300547D30 /* ApiManager.swift */,
				1CF62B3A28B782E400E29FB0 /* AutoLayoutBuilder.swift */,
				1C2F95D228D35B5B009D886A /* InjectPropertyWrapper.swift */,
			);
			path = Common;
			sourceTree = "<group>";
		};
		22FE1CCF27C16BE3009CD00F /* Playgrounds */ = {
			isa = PBXGroup;
			children = (
				D335CC452D38BCF800283C8F /* TextToSpeech.playground */,
				D3F5BF7B2D2D2FB20017F848 /* SOLID.playground */,
				1CA629A227D3E58B00B6B582 /* Combine.playground */,
				22FE1CD027C16BE3009CD00F /* StructuredConcurrency.playground */,
				1C29CD7F28CF4E7A0059DADB /* Interview.playground */,
				D3C029A62ABB002400C5B80B /* DesignPattern.playground */,
			);
			path = Playgrounds;
			sourceTree = "<group>";
		};
		D320F3592A270CC700E72A7C /* AppIntents */ = {
			isa = PBXGroup;
			children = (
				D320F35A2A270CEB00E72A7C /* SayPhraseIntent.swift */,
			);
			path = AppIntents;
			sourceTree = "<group>";
		};
		D329F78D2AB1BB68008EAA23 /* Utilites */ = {
			isa = PBXGroup;
			children = (
				D329F78E2AB1BB68008EAA23 /* MVIContainer.swift */,
				D329F78F2AB1BB68008EAA23 /* Router */,
			);
			path = Utilites;
			sourceTree = "<group>";
		};
		D329F78F2AB1BB68008EAA23 /* Router */ = {
			isa = PBXGroup;
			children = (
				D329F7902AB1BB68008EAA23 /* RouterScreenProtocol.swift */,
				D329F7912AB1BB68008EAA23 /* Modifier */,
				D329F7972AB1BB68008EAA23 /* RouterProtocol.swift */,
			);
			path = Router;
			sourceTree = "<group>";
		};
		D329F7912AB1BB68008EAA23 /* Modifier */ = {
			isa = PBXGroup;
			children = (
				D329F7922AB1BB68008EAA23 /* RouterSheetModifier.swift */,
				D329F7932AB1BB68008EAA23 /* RouterNavigationStackModifier.swift */,
				D329F7942AB1BB68008EAA23 /* RouterNavigationViewModifier.swift */,
				D329F7952AB1BB68008EAA23 /* RouterAlertModifier.swift */,
				D329F7962AB1BB68008EAA23 /* RouterCloseModifier.swift */,
			);
			path = Modifier;
			sourceTree = "<group>";
		};
/* End PBXGroup section */

/* Begin PBXNativeTarget section */
		1C42B49B27B7BBBE00D8D885 /* YVLearning */ = {
			isa = PBXNativeTarget;
			buildConfigurationList = 1C42B4C027B7BBC000D8D885 /* Build configuration list for PBXNativeTarget "YVLearning" */;
			buildPhases = (
				1C42B49827B7BBBE00D8D885 /* Sources */,
				1C42B49927B7BBBE00D8D885 /* Frameworks */,
				1C42B49A27B7BBBE00D8D885 /* Resources */,
				D35FEC262AB2EF470025F4B1 /* SwiftLint */,
			);
			buildRules = (
			);
			dependencies = (
			);
			name = YVLearning;
			productName = YVLearning;
			productReference = 1C42B49C27B7BBBE00D8D885 /* YVLearning.app */;
			productType = "com.apple.product-type.application";
		};
		1C42B4AB27B7BBC000D8D885 /* YVLearningTests */ = {
			isa = PBXNativeTarget;
			buildConfigurationList = 1C42B4C327B7BBC000D8D885 /* Build configuration list for PBXNativeTarget "YVLearningTests" */;
			buildPhases = (
				1C42B4A827B7BBC000D8D885 /* Sources */,
				1C42B4A927B7BBC000D8D885 /* Frameworks */,
				1C42B4AA27B7BBC000D8D885 /* Resources */,
			);
			buildRules = (
			);
			dependencies = (
				1C42B4AE27B7BBC000D8D885 /* PBXTargetDependency */,
			);
			name = YVLearningTests;
			productName = YVLearningTests;
			productReference = 1C42B4AC27B7BBC000D8D885 /* YVLearningTests.xctest */;
			productType = "com.apple.product-type.bundle.unit-test";
		};
/* End PBXNativeTarget section */

/* Begin PBXProject section */
		1C42B49427B7BBBE00D8D885 /* Project object */ = {
			isa = PBXProject;
			attributes = {
				BuildIndependentTargetsInParallel = 1;
				LastSwiftUpdateCheck = 1320;
				LastUpgradeCheck = 1620;
				TargetAttributes = {
					1C42B49B27B7BBBE00D8D885 = {
						CreatedOnToolsVersion = 13.2.1;
					};
					1C42B4AB27B7BBC000D8D885 = {
						CreatedOnToolsVersion = 13.2.1;
						TestTargetID = 1C42B49B27B7BBBE00D8D885;
					};
				};
			};
			buildConfigurationList = 1C42B49727B7BBBE00D8D885 /* Build configuration list for PBXProject "YVLearning" */;
			compatibilityVersion = "Xcode 13.0";
			developmentRegion = en;
			hasScannedForEncodings = 0;
			knownRegions = (
				en,
				Base,
				hi,
			);
			mainGroup = 1C42B49327B7BBBE00D8D885;
			productRefGroup = 1C42B49D27B7BBBE00D8D885 /* Products */;
			projectDirPath = "";
			projectRoot = "";
			targets = (
				1C42B49B27B7BBBE00D8D885 /* YVLearning */,
				1C42B4AB27B7BBC000D8D885 /* YVLearningTests */,
			);
		};
/* End PBXProject section */

/* Begin PBXResourcesBuildPhase section */
		1C42B49A27B7BBBE00D8D885 /* Resources */ = {
			isa = PBXResourcesBuildPhase;
			buildActionMask = 2147483647;
			files = (
				1C42B4A727B7BBC000D8D885 /* Preview Assets.xcassets in Resources */,
				1CFAB8F129194F9F00F25681 /* Localizable.strings in Resources */,
				1C42B4A427B7BBC000D8D885 /* Assets.xcassets in Resources */,
			);
			runOnlyForDeploymentPostprocessing = 0;
		};
		1C42B4AA27B7BBC000D8D885 /* Resources */ = {
			isa = PBXResourcesBuildPhase;
			buildActionMask = 2147483647;
			files = (
			);
			runOnlyForDeploymentPostprocessing = 0;
		};
/* End PBXResourcesBuildPhase section */

/* Begin PBXShellScriptBuildPhase section */
		D35FEC262AB2EF470025F4B1 /* SwiftLint */ = {
			isa = PBXShellScriptBuildPhase;
			alwaysOutOfDate = 1;
			buildActionMask = 2147483647;
			files = (
			);
			inputFileListPaths = (
			);
			inputPaths = (
			);
			name = SwiftLint;
			outputFileListPaths = (
			);
			outputPaths = (
			);
			runOnlyForDeploymentPostprocessing = 0;
			shellPath = /bin/sh;
			shellScript = ": '\nif [[ \"$(uname -m)\" == arm64 ]]; then\n    export PATH=\"/opt/homebrew/bin:$PATH\"\nfi\n\nif which swiftlint > /dev/null; then\n  swiftlint\nelse\n  echo \"warning: SwiftLint not installed, download from https://github.com/realm/SwiftLint\"\nfi\n'\n";
		};
/* End PBXShellScriptBuildPhase section */

/* Begin PBXSourcesBuildPhase section */
		1C42B49827B7BBBE00D8D885 /* Sources */ = {
			isa = PBXSourcesBuildPhase;
			buildActionMask = 2147483647;
			files = (
				1C31156927F3A6950047E1CB /* GrayCapsuleButtonStyle.swift in Sources */,
				1C22C455290485D800CD33B1 /* View+Navigation.swift in Sources */,
				D329F79F2AB1BB68008EAA23 /* RouterProtocol.swift in Sources */,
				1CA6297E27D3A49F00B6B582 /* View+Redacted.swift in Sources */,
				1C5CFC8827C0F87700BCB924 /* AppDelegate.swift in Sources */,
				1C06D2B927E23EDE00FB65F6 /* ScreenPreview.swift in Sources */,
				2268B89027C2C4740079807B /* EmptyNavigationLink.swift in Sources */,
				1C42B4A227B7BBBE00D8D885 /* ContentView.swift in Sources */,
				1C734B4627DA1CDC008FD6F1 /* MenuIgnoringSafeAreaView.swift in Sources */,
				1CF764C227D7B7F000A2693D /* ReadAppStorageView.swift in Sources */,
				D38EDB5A2D2E4378007341BF /* YVSwiftDataSchema.swift in Sources */,
				1C31156B27F3AD3F0047E1CB /* Shape+StrokeFill.swift in Sources */,
				1C8858442990072F00CF31B8 /* CustomShape.swift in Sources */,
				1CA6299227D3CC8C00B6B582 /* OSLog+Categories.swift in Sources */,
				D31F686D2D5A06980018D107 /* CardView.swift in Sources */,
				D329F79E2AB1BB68008EAA23 /* RouterCloseModifier.swift in Sources */,
				D329F79B2AB1BB68008EAA23 /* RouterNavigationStackModifier.swift in Sources */,
				1CAA71BC2933883300B914CC /* Factory.swift in Sources */,
				D3F5BF7A2D2D2F6C0017F848 /* Stack.swift in Sources */,
				1CD9435A27EB2FC900BE4D1D /* Color+Scheme.swift in Sources */,
				1CB16B4028A02B4A00E3195C /* YVCircularProgressView.swift in Sources */,
				1CEBF6632987E2A10069F970 /* StaticGridView.swift in Sources */,
				1CEBF65F2987D2B00069F970 /* ScrollReaderView.swift in Sources */,
				D38EDB582D2E4278007341BF /* SwiftDataView.swift in Sources */,
				1C5CFC8C27C104C700BCB924 /* YVLearningApp.swift in Sources */,
				1C939E9927D6517E00D8B152 /* UINavigationController+Customization.swift in Sources */,
				1C8F017727F377D000DBD9DF /* RedCircleButtonStyle.swift in Sources */,
				1CF7437427E35155001F34A3 /* LockerSlider.swift in Sources */,
				1CF764C427D7B80500A2693D /* WriteAppStorageView.swift in Sources */,
				1C06D2B527E238E500FB65F6 /* Preview.swift in Sources */,
				D3D319B62D5C93F8000E41C6 /* ImagePickerView.swift in Sources */,
				D3FA6E172D5F6562001D3627 /* UICardView.swift in Sources */,
				1CFAB8F629194FC800F25681 /* String+Localization.swift in Sources */,
				1CF62B3B28B782E400E29FB0 /* AutoLayoutBuilder.swift in Sources */,
				2268B89227C2C67C0079807B /* LazyView.swift in Sources */,
				1C06D2B727E239EA00FB65F6 /* ComponentPreview.swift in Sources */,
				1C5CFC8927C0F87700BCB924 /* SceneDelegate.swift in Sources */,
				D3F5BF782D2D2ABD0017F848 /* Queue.swift in Sources */,
				D3D319B22D5C916F000E41C6 /* UseImagePickerView.swift in Sources */,
				1C42B4CB27B7BC0400D8D885 /* LearnTask.swift in Sources */,
				1CEBF6612987DFA60069F970 /* GridView.swift in Sources */,
				2268B88D27C2C4040079807B /* NumberFormLinkView.swift in Sources */,
				1C893592289D26C50063B50C /* YVGaugeView.swift in Sources */,
				2268B88927C234270079807B /* ListRowSeparatorModifier.swift in Sources */,
				D329F79D2AB1BB68008EAA23 /* RouterAlertModifier.swift in Sources */,
				1CD03A6228B62E8E00E9B3A4 /* Date+Week.swift in Sources */,
				1CA6299427D3D36800B6B582 /* Logger+Categories.swift in Sources */,
				D329F7982AB1BB68008EAA23 /* MVIContainer.swift in Sources */,
				1CA6297C27D3A49200B6B582 /* String+Placeholder.swift in Sources */,
				1CA6299027D3ABFB00B6B582 /* NetworkMonitor.swift in Sources */,
				D329F79C2AB1BB68008EAA23 /* RouterNavigationViewModifier.swift in Sources */,
				22FE1CCE27C16B9C009CD00F /* StructuredConcurrency.swift in Sources */,
				1CA6299F27D3E05600B6B582 /* Optional+String.swift in Sources */,
				1CA6297927D3A06E00B6B582 /* RedactedView.swift in Sources */,
				1C5CFC6227C0E57A00BCB924 /* RootPresentationMode.swift in Sources */,
				1C83CBCB27BA7F4C0073B4C4 /* UINavigationHandler.swift in Sources */,
				D320F35B2A270CEB00E72A7C /* SayPhraseIntent.swift in Sources */,
				1CF7437027E3441E001F34A3 /* TextSpacingView.swift in Sources */,
				1CA629A127D3E06500B6B582 /* Optional+Bool.swift in Sources */,
				D3FA6E062D5F4088001D3627 /* FormView.swift in Sources */,
				1CF7437227E34F38001F34A3 /* IOSSlider.swift in Sources */,
				D3FA6E132D5F4CDD001D3627 /* NameListView.swift in Sources */,
				1C83CBC827BA7A5E0073B4C4 /* MapView.swift in Sources */,
				1C8458FB28A8154300547D30 /* ApiManager.swift in Sources */,
				D329F79A2AB1BB68008EAA23 /* RouterSheetModifier.swift in Sources */,
				1C9708FF27BE5DE60048F780 /* RootView.swift in Sources */,
				1C2F95D328D35B5B009D886A /* InjectPropertyWrapper.swift in Sources */,
				D36986902D40F5FE0085BAD0 /* NavigationStackView.swift in Sources */,
				D3FA6E152D5F6291001D3627 /* Binding.swift in Sources */,
				2268B89427C2C7460079807B /* ToolbarView.swift in Sources */,
				D329F7992AB1BB68008EAA23 /* RouterScreenProtocol.swift in Sources */,
				2268B88B27C235720079807B /* NumberListView.swift in Sources */,
				D3D319B42D5C93A5000E41C6 /* PhotosPickerView.swift in Sources */,
				1C372ACD27B9081F004E0FA8 /* UINavigationView.swift in Sources */,
				1CA6298027D3A54E00B6B582 /* Optional+Nil.swift in Sources */,
				1C8F017527F3779000DBD9DF /* View+ConditionalModifier.swift in Sources */,
				1C939E9C27D656FB00D8B152 /* ActivityIndicatorView.swift in Sources */,
			);
			runOnlyForDeploymentPostprocessing = 0;
		};
		1C42B4A827B7BBC000D8D885 /* Sources */ = {
			isa = PBXSourcesBuildPhase;
			buildActionMask = 2147483647;
			files = (
				1C42B4B127B7BBC000D8D885 /* YVLearningTests.swift in Sources */,
				1C42B4CE27B7BD2D00D8D885 /* LearnTaskTest.swift in Sources */,
			);
			runOnlyForDeploymentPostprocessing = 0;
		};
/* End PBXSourcesBuildPhase section */

/* Begin PBXTargetDependency section */
		1C42B4AE27B7BBC000D8D885 /* PBXTargetDependency */ = {
			isa = PBXTargetDependency;
			target = 1C42B49B27B7BBBE00D8D885 /* YVLearning */;
			targetProxy = 1C42B4AD27B7BBC000D8D885 /* PBXContainerItemProxy */;
		};
/* End PBXTargetDependency section */

/* Begin PBXVariantGroup section */
		1CFAB8F329194F9F00F25681 /* Localizable.strings */ = {
			isa = PBXVariantGroup;
			children = (
				1CFAB8F229194F9F00F25681 /* en */,
				1CFAB8F429194FA300F25681 /* hi */,
			);
			name = Localizable.strings;
			sourceTree = "<group>";
		};
/* End PBXVariantGroup section */

/* Begin XCBuildConfiguration section */
		1C42B4BE27B7BBC000D8D885 /* Debug */ = {
			isa = XCBuildConfiguration;
			buildSettings = {
				ALWAYS_SEARCH_USER_PATHS = NO;
				ASSETCATALOG_COMPILER_GENERATE_SWIFT_ASSET_SYMBOL_EXTENSIONS = YES;
				CLANG_ANALYZER_LOCALIZABILITY_NONLOCALIZED = YES;
				CLANG_ANALYZER_NONNULL = YES;
				CLANG_ANALYZER_NUMBER_OBJECT_CONVERSION = YES_AGGRESSIVE;
				CLANG_CXX_LANGUAGE_STANDARD = "gnu++17";
				CLANG_CXX_LIBRARY = "libc++";
				CLANG_ENABLE_MODULES = YES;
				CLANG_ENABLE_OBJC_ARC = YES;
				CLANG_ENABLE_OBJC_WEAK = YES;
				CLANG_WARN_BLOCK_CAPTURE_AUTORELEASING = YES;
				CLANG_WARN_BOOL_CONVERSION = YES;
				CLANG_WARN_COMMA = YES;
				CLANG_WARN_CONSTANT_CONVERSION = YES;
				CLANG_WARN_DEPRECATED_OBJC_IMPLEMENTATIONS = YES;
				CLANG_WARN_DIRECT_OBJC_ISA_USAGE = YES_ERROR;
				CLANG_WARN_DOCUMENTATION_COMMENTS = YES;
				CLANG_WARN_EMPTY_BODY = YES;
				CLANG_WARN_ENUM_CONVERSION = YES;
				CLANG_WARN_INFINITE_RECURSION = YES;
				CLANG_WARN_INT_CONVERSION = YES;
				CLANG_WARN_NON_LITERAL_NULL_CONVERSION = YES;
				CLANG_WARN_OBJC_IMPLICIT_RETAIN_SELF = YES;
				CLANG_WARN_OBJC_LITERAL_CONVERSION = YES;
				CLANG_WARN_OBJC_ROOT_CLASS = YES_ERROR;
				CLANG_WARN_QUOTED_INCLUDE_IN_FRAMEWORK_HEADER = YES;
				CLANG_WARN_RANGE_LOOP_ANALYSIS = YES;
				CLANG_WARN_STRICT_PROTOTYPES = YES;
				CLANG_WARN_SUSPICIOUS_MOVE = YES;
				CLANG_WARN_UNGUARDED_AVAILABILITY = YES_AGGRESSIVE;
				CLANG_WARN_UNREACHABLE_CODE = YES;
				CLANG_WARN__DUPLICATE_METHOD_MATCH = YES;
				COPY_PHASE_STRIP = NO;
				DEBUG_INFORMATION_FORMAT = dwarf;
				ENABLE_STRICT_OBJC_MSGSEND = YES;
				ENABLE_TESTABILITY = YES;
				ENABLE_USER_SCRIPT_SANDBOXING = YES;
				GCC_C_LANGUAGE_STANDARD = gnu11;
				GCC_DYNAMIC_NO_PIC = NO;
				GCC_NO_COMMON_BLOCKS = YES;
				GCC_OPTIMIZATION_LEVEL = 0;
				GCC_PREPROCESSOR_DEFINITIONS = (
					"DEBUG=1",
					"$(inherited)",
				);
				GCC_WARN_64_TO_32_BIT_CONVERSION = YES;
				GCC_WARN_ABOUT_RETURN_TYPE = YES_ERROR;
				GCC_WARN_UNDECLARED_SELECTOR = YES;
				GCC_WARN_UNINITIALIZED_AUTOS = YES_AGGRESSIVE;
				GCC_WARN_UNUSED_FUNCTION = YES;
				GCC_WARN_UNUSED_VARIABLE = YES;
				IPHONEOS_DEPLOYMENT_TARGET = 13.0;
				MTL_ENABLE_DEBUG_INFO = INCLUDE_SOURCE;
				MTL_FAST_MATH = YES;
				ONLY_ACTIVE_ARCH = YES;
				SDKROOT = iphoneos;
				SWIFT_ACTIVE_COMPILATION_CONDITIONS = DEBUG;
				SWIFT_OPTIMIZATION_LEVEL = "-Onone";
			};
			name = Debug;
		};
		1C42B4BF27B7BBC000D8D885 /* Release */ = {
			isa = XCBuildConfiguration;
			buildSettings = {
				ALWAYS_SEARCH_USER_PATHS = NO;
				ASSETCATALOG_COMPILER_GENERATE_SWIFT_ASSET_SYMBOL_EXTENSIONS = YES;
				CLANG_ANALYZER_LOCALIZABILITY_NONLOCALIZED = YES;
				CLANG_ANALYZER_NONNULL = YES;
				CLANG_ANALYZER_NUMBER_OBJECT_CONVERSION = YES_AGGRESSIVE;
				CLANG_CXX_LANGUAGE_STANDARD = "gnu++17";
				CLANG_CXX_LIBRARY = "libc++";
				CLANG_ENABLE_MODULES = YES;
				CLANG_ENABLE_OBJC_ARC = YES;
				CLANG_ENABLE_OBJC_WEAK = YES;
				CLANG_WARN_BLOCK_CAPTURE_AUTORELEASING = YES;
				CLANG_WARN_BOOL_CONVERSION = YES;
				CLANG_WARN_COMMA = YES;
				CLANG_WARN_CONSTANT_CONVERSION = YES;
				CLANG_WARN_DEPRECATED_OBJC_IMPLEMENTATIONS = YES;
				CLANG_WARN_DIRECT_OBJC_ISA_USAGE = YES_ERROR;
				CLANG_WARN_DOCUMENTATION_COMMENTS = YES;
				CLANG_WARN_EMPTY_BODY = YES;
				CLANG_WARN_ENUM_CONVERSION = YES;
				CLANG_WARN_INFINITE_RECURSION = YES;
				CLANG_WARN_INT_CONVERSION = YES;
				CLANG_WARN_NON_LITERAL_NULL_CONVERSION = YES;
				CLANG_WARN_OBJC_IMPLICIT_RETAIN_SELF = YES;
				CLANG_WARN_OBJC_LITERAL_CONVERSION = YES;
				CLANG_WARN_OBJC_ROOT_CLASS = YES_ERROR;
				CLANG_WARN_QUOTED_INCLUDE_IN_FRAMEWORK_HEADER = YES;
				CLANG_WARN_RANGE_LOOP_ANALYSIS = YES;
				CLANG_WARN_STRICT_PROTOTYPES = YES;
				CLANG_WARN_SUSPICIOUS_MOVE = YES;
				CLANG_WARN_UNGUARDED_AVAILABILITY = YES_AGGRESSIVE;
				CLANG_WARN_UNREACHABLE_CODE = YES;
				CLANG_WARN__DUPLICATE_METHOD_MATCH = YES;
				COPY_PHASE_STRIP = NO;
				DEBUG_INFORMATION_FORMAT = "dwarf-with-dsym";
				ENABLE_NS_ASSERTIONS = NO;
				ENABLE_STRICT_OBJC_MSGSEND = YES;
				ENABLE_USER_SCRIPT_SANDBOXING = YES;
				GCC_C_LANGUAGE_STANDARD = gnu11;
				GCC_NO_COMMON_BLOCKS = YES;
				GCC_WARN_64_TO_32_BIT_CONVERSION = YES;
				GCC_WARN_ABOUT_RETURN_TYPE = YES_ERROR;
				GCC_WARN_UNDECLARED_SELECTOR = YES;
				GCC_WARN_UNINITIALIZED_AUTOS = YES_AGGRESSIVE;
				GCC_WARN_UNUSED_FUNCTION = YES;
				GCC_WARN_UNUSED_VARIABLE = YES;
				IPHONEOS_DEPLOYMENT_TARGET = 13.0;
				MTL_ENABLE_DEBUG_INFO = NO;
				MTL_FAST_MATH = YES;
				SDKROOT = iphoneos;
				SWIFT_COMPILATION_MODE = wholemodule;
				SWIFT_OPTIMIZATION_LEVEL = "-O";
				VALIDATE_PRODUCT = YES;
			};
			name = Release;
		};
		1C42B4C127B7BBC000D8D885 /* Debug */ = {
			isa = XCBuildConfiguration;
			buildSettings = {
				ASSETCATALOG_COMPILER_APPICON_NAME = AppIcon;
				ASSETCATALOG_COMPILER_GLOBAL_ACCENT_COLOR_NAME = AccentColor;
				CODE_SIGN_ENTITLEMENTS = YVLearning/YVLearning.entitlements;
				CODE_SIGN_STYLE = Manual;
				CURRENT_PROJECT_VERSION = 1;
				DEVELOPMENT_ASSET_PATHS = "\"YVLearning/Preview Content\"";
				DEVELOPMENT_TEAM = "";
				ENABLE_PREVIEWS = YES;
				ENABLE_USER_SCRIPT_SANDBOXING = NO;
				GENERATE_INFOPLIST_FILE = YES;
				INFOPLIST_FILE = YVLearning/Info.plist;
				INFOPLIST_KEY_UIApplicationSupportsIndirectInputEvents = YES;
				INFOPLIST_KEY_UISupportedInterfaceOrientations_iPad = "UIInterfaceOrientationPortrait UIInterfaceOrientationPortraitUpsideDown UIInterfaceOrientationLandscapeLeft UIInterfaceOrientationLandscapeRight";
				INFOPLIST_KEY_UISupportedInterfaceOrientations_iPhone = "UIInterfaceOrientationPortrait UIInterfaceOrientationLandscapeLeft UIInterfaceOrientationLandscapeRight";
				IPHONEOS_DEPLOYMENT_TARGET = 13.0;
				LD_RUNPATH_SEARCH_PATHS = (
					"$(inherited)",
					"@executable_path/Frameworks",
				);
				MARKETING_VERSION = 1.0;
				PRODUCT_BUNDLE_IDENTIFIER = com.yash.YVLearning;
				PRODUCT_NAME = "$(TARGET_NAME)";
				PROVISIONING_PROFILE_SPECIFIER = "";
				SWIFT_EMIT_LOC_STRINGS = YES;
				SWIFT_VERSION = 5.0;
				TARGETED_DEVICE_FAMILY = "1,2";
			};
			name = Debug;
		};
		1C42B4C227B7BBC000D8D885 /* Release */ = {
			isa = XCBuildConfiguration;
			buildSettings = {
				ASSETCATALOG_COMPILER_APPICON_NAME = AppIcon;
				ASSETCATALOG_COMPILER_GLOBAL_ACCENT_COLOR_NAME = AccentColor;
				CODE_SIGN_ENTITLEMENTS = YVLearning/YVLearning.entitlements;
				CODE_SIGN_STYLE = Manual;
				CURRENT_PROJECT_VERSION = 1;
				DEVELOPMENT_ASSET_PATHS = "\"YVLearning/Preview Content\"";
				DEVELOPMENT_TEAM = "";
				ENABLE_PREVIEWS = YES;
				ENABLE_USER_SCRIPT_SANDBOXING = YES;
				GENERATE_INFOPLIST_FILE = YES;
				INFOPLIST_FILE = YVLearning/Info.plist;
				INFOPLIST_KEY_UIApplicationSupportsIndirectInputEvents = YES;
				INFOPLIST_KEY_UISupportedInterfaceOrientations_iPad = "UIInterfaceOrientationPortrait UIInterfaceOrientationPortraitUpsideDown UIInterfaceOrientationLandscapeLeft UIInterfaceOrientationLandscapeRight";
				INFOPLIST_KEY_UISupportedInterfaceOrientations_iPhone = "UIInterfaceOrientationPortrait UIInterfaceOrientationLandscapeLeft UIInterfaceOrientationLandscapeRight";
				IPHONEOS_DEPLOYMENT_TARGET = 13.0;
				LD_RUNPATH_SEARCH_PATHS = (
					"$(inherited)",
					"@executable_path/Frameworks",
				);
				MARKETING_VERSION = 1.0;
				PRODUCT_BUNDLE_IDENTIFIER = com.yash.YVLearning;
				PRODUCT_NAME = "$(TARGET_NAME)";
				PROVISIONING_PROFILE_SPECIFIER = "";
				SWIFT_EMIT_LOC_STRINGS = YES;
				SWIFT_VERSION = 5.0;
				TARGETED_DEVICE_FAMILY = "1,2";
			};
			name = Release;
		};
		1C42B4C427B7BBC000D8D885 /* Debug */ = {
			isa = XCBuildConfiguration;
			buildSettings = {
				BUNDLE_LOADER = "$(TEST_HOST)";
				CODE_SIGN_STYLE = Automatic;
				CURRENT_PROJECT_VERSION = 1;
				GENERATE_INFOPLIST_FILE = YES;
				IPHONEOS_DEPLOYMENT_TARGET = 15.2;
				MARKETING_VERSION = 1.0;
				PRODUCT_BUNDLE_IDENTIFIER = com.yash.YVLearningTests;
				PRODUCT_NAME = "$(TARGET_NAME)";
				SWIFT_EMIT_LOC_STRINGS = NO;
				SWIFT_VERSION = 5.0;
				TARGETED_DEVICE_FAMILY = "1,2";
				TEST_HOST = "$(BUILT_PRODUCTS_DIR)/YVLearning.app/YVLearning";
			};
			name = Debug;
		};
		1C42B4C527B7BBC000D8D885 /* Release */ = {
			isa = XCBuildConfiguration;
			buildSettings = {
				BUNDLE_LOADER = "$(TEST_HOST)";
				CODE_SIGN_STYLE = Automatic;
				CURRENT_PROJECT_VERSION = 1;
				GENERATE_INFOPLIST_FILE = YES;
				IPHONEOS_DEPLOYMENT_TARGET = 15.2;
				MARKETING_VERSION = 1.0;
				PRODUCT_BUNDLE_IDENTIFIER = com.yash.YVLearningTests;
				PRODUCT_NAME = "$(TARGET_NAME)";
				SWIFT_EMIT_LOC_STRINGS = NO;
				SWIFT_VERSION = 5.0;
				TARGETED_DEVICE_FAMILY = "1,2";
				TEST_HOST = "$(BUILT_PRODUCTS_DIR)/YVLearning.app/YVLearning";
			};
			name = Release;
		};
/* End XCBuildConfiguration section */

/* Begin XCConfigurationList section */
		1C42B49727B7BBBE00D8D885 /* Build configuration list for PBXProject "YVLearning" */ = {
			isa = XCConfigurationList;
			buildConfigurations = (
				1C42B4BE27B7BBC000D8D885 /* Debug */,
				1C42B4BF27B7BBC000D8D885 /* Release */,
			);
			defaultConfigurationIsVisible = 0;
			defaultConfigurationName = Release;
		};
		1C42B4C027B7BBC000D8D885 /* Build configuration list for PBXNativeTarget "YVLearning" */ = {
			isa = XCConfigurationList;
			buildConfigurations = (
				1C42B4C127B7BBC000D8D885 /* Debug */,
				1C42B4C227B7BBC000D8D885 /* Release */,
			);
			defaultConfigurationIsVisible = 0;
			defaultConfigurationName = Release;
		};
		1C42B4C327B7BBC000D8D885 /* Build configuration list for PBXNativeTarget "YVLearningTests" */ = {
			isa = XCConfigurationList;
			buildConfigurations = (
				1C42B4C427B7BBC000D8D885 /* Debug */,
				1C42B4C527B7BBC000D8D885 /* Release */,
			);
			defaultConfigurationIsVisible = 0;
			defaultConfigurationName = Release;
		};
/* End XCConfigurationList section */
	};
	rootObject = 1C42B49427B7BBBE00D8D885 /* Project object */;
}
